// !$*UTF8*$!
{
	archiveVersion = 1;
	classes = {
	};
	objectVersion = 50;
	objects = {

/* Begin PBXBuildFile section */
		3B830CC0261C2EEE009FA130 /* AppDelegate.swift in Sources */ = {isa = PBXBuildFile; fileRef = 3B830CBF261C2EEE009FA130 /* AppDelegate.swift */; };
		3B830CC2261C2EEE009FA130 /* SceneDelegate.swift in Sources */ = {isa = PBXBuildFile; fileRef = 3B830CC1261C2EEE009FA130 /* SceneDelegate.swift */; };
		3B830CC4261C2EEE009FA130 /* ViewController.swift in Sources */ = {isa = PBXBuildFile; fileRef = 3B830CC3261C2EEE009FA130 /* ViewController.swift */; };
		3B830CC7261C2EEE009FA130 /* Main.storyboard in Resources */ = {isa = PBXBuildFile; fileRef = 3B830CC5261C2EEE009FA130 /* Main.storyboard */; };
		3B830CC9261C2EEF009FA130 /* Assets.xcassets in Resources */ = {isa = PBXBuildFile; fileRef = 3B830CC8261C2EEF009FA130 /* Assets.xcassets */; };
		3B830CCC261C2EEF009FA130 /* LaunchScreen.storyboard in Resources */ = {isa = PBXBuildFile; fileRef = 3B830CCA261C2EEF009FA130 /* LaunchScreen.storyboard */; };
		3B830CD6261C31EE009FA130 /* PlayNow.storyboard in Resources */ = {isa = PBXBuildFile; fileRef = 3B830CD5261C31EE009FA130 /* PlayNow.storyboard */; };
		3B830CDA261C320C009FA130 /* Favourite.storyboard in Resources */ = {isa = PBXBuildFile; fileRef = 3B830CD8261C320C009FA130 /* Favourite.storyboard */; };
		3B830CDE261C322E009FA130 /* Gallery.storyboard in Resources */ = {isa = PBXBuildFile; fileRef = 3B830CDD261C322E009FA130 /* Gallery.storyboard */; };
		3B830CE1261C3294009FA130 /* GalleryViewController.swift in Sources */ = {isa = PBXBuildFile; fileRef = 3B830CE0261C3294009FA130 /* GalleryViewController.swift */; };
		3B830CED261C3534009FA130 /* PlayNowViewController.swift in Sources */ = {isa = PBXBuildFile; fileRef = 3B830CEC261C3534009FA130 /* PlayNowViewController.swift */; };
		3B830CF0261C356A009FA130 /* FavouriteViewController.swift in Sources */ = {isa = PBXBuildFile; fileRef = 3B830CEF261C356A009FA130 /* FavouriteViewController.swift */; };
		3B830CF9261C38EB009FA130 /* StepsViewController.swift in Sources */ = {isa = PBXBuildFile; fileRef = 3B830CF8261C38EB009FA130 /* StepsViewController.swift */; };
		3BC0DEFA261CA71500AF0630 /* Difficulty.storyboard in Resources */ = {isa = PBXBuildFile; fileRef = 3BC0DEF9261CA71500AF0630 /* Difficulty.storyboard */; };
		3BC0DF00261CA83400AF0630 /* StepByStep.storyboard in Resources */ = {isa = PBXBuildFile; fileRef = 3BC0DEFF261CA83400AF0630 /* StepByStep.storyboard */; };
		3BC0DF05261CA91D00AF0630 /* Congratulations.storyboard in Resources */ = {isa = PBXBuildFile; fileRef = 3BC0DF04261CA91D00AF0630 /* Congratulations.storyboard */; };
		51E9031C2620074E0028F7A1 /* OrigamiSelect.swift in Sources */ = {isa = PBXBuildFile; fileRef = 51E9031B2620074E0028F7A1 /* OrigamiSelect.swift */; };
		51E903222620081E0028F7A1 /* OrigamiCollectionViewCell.swift in Sources */ = {isa = PBXBuildFile; fileRef = 51E903202620081E0028F7A1 /* OrigamiCollectionViewCell.swift */; };
		51E903232620081E0028F7A1 /* OrigamiCollectionViewCell.xib in Resources */ = {isa = PBXBuildFile; fileRef = 51E903212620081E0028F7A1 /* OrigamiCollectionViewCell.xib */; };
		78758CA2261EB922005BFC36 /* Database.swift in Sources */ = {isa = PBXBuildFile; fileRef = 78758CA1261EB922005BFC36 /* Database.swift */; };
		78758CA6261EB92F005BFC36 /* Origami.swift in Sources */ = {isa = PBXBuildFile; fileRef = 78758CA5261EB92F005BFC36 /* Origami.swift */; };
		78758CA9261EB94F005BFC36 /* Favourite.swift in Sources */ = {isa = PBXBuildFile; fileRef = 78758CA8261EB94F005BFC36 /* Favourite.swift */; };
		78758CAC261EB95E005BFC36 /* Gallery.swift in Sources */ = {isa = PBXBuildFile; fileRef = 78758CAB261EB95E005BFC36 /* Gallery.swift */; };
		78758CAF261EB96A005BFC36 /* Log.swift in Sources */ = {isa = PBXBuildFile; fileRef = 78758CAE261EB96A005BFC36 /* Log.swift */; };
		78758CB2261EC4CD005BFC36 /* Instruction.swift in Sources */ = {isa = PBXBuildFile; fileRef = 78758CB1261EC4CD005BFC36 /* Instruction.swift */; };
		78758CBD261EEF5C005BFC36 /* Mode.swift in Sources */ = {isa = PBXBuildFile; fileRef = 78758CBC261EEF5C005BFC36 /* Mode.swift */; };
		78E1F5EF262737BE00196A02 /* FavouriteCollectionViewCell.swift in Sources */ = {isa = PBXBuildFile; fileRef = 78E1F5ED262737BE00196A02 /* FavouriteCollectionViewCell.swift */; };
		78E1F5F0262737BE00196A02 /* FavouriteCollectionViewCell.xib in Resources */ = {isa = PBXBuildFile; fileRef = 78E1F5EE262737BE00196A02 /* FavouriteCollectionViewCell.xib */; };
		9060BDF9261F607400AC8FBA /* ModeCell.swift in Sources */ = {isa = PBXBuildFile; fileRef = 9060BDF7261F607400AC8FBA /* ModeCell.swift */; };
		9060BDFA261F607400AC8FBA /* ModeCell.xib in Resources */ = {isa = PBXBuildFile; fileRef = 9060BDF8261F607400AC8FBA /* ModeCell.xib */; };
		9060BE04261F688800AC8FBA /* RecentCell.swift in Sources */ = {isa = PBXBuildFile; fileRef = 9060BE02261F688800AC8FBA /* RecentCell.swift */; };
		9060BE05261F688800AC8FBA /* RecentCell.xib in Resources */ = {isa = PBXBuildFile; fileRef = 9060BE03261F688800AC8FBA /* RecentCell.xib */; };
		9060BE09261F68BA00AC8FBA /* HeaderCell.swift in Sources */ = {isa = PBXBuildFile; fileRef = 9060BE07261F68BA00AC8FBA /* HeaderCell.swift */; };
		9060BE0A261F68BA00AC8FBA /* HeaderCell.xib in Resources */ = {isa = PBXBuildFile; fileRef = 9060BE08261F68BA00AC8FBA /* HeaderCell.xib */; };
		9060BE0D261FBA2700AC8FBA /* PaddingLabel.swift in Sources */ = {isa = PBXBuildFile; fileRef = 9060BE0C261FBA2700AC8FBA /* PaddingLabel.swift */; };
		9092210D261FCB4D00514C57 /* OutlineLabel.swift in Sources */ = {isa = PBXBuildFile; fileRef = 9092210C261FCB4D00514C57 /* OutlineLabel.swift */; };
		90922110261FCF2000514C57 /* DifficultyController.swift in Sources */ = {isa = PBXBuildFile; fileRef = 9092210F261FCF2000514C57 /* DifficultyController.swift */; };
		90922116261FEAC000514C57 /* GenericCard.swift in Sources */ = {isa = PBXBuildFile; fileRef = 90922115261FEAC000514C57 /* GenericCard.swift */; };
		90D336392621219D00222480 /* CardCellAnimation.swift in Sources */ = {isa = PBXBuildFile; fileRef = 90D336382621219D00222480 /* CardCellAnimation.swift */; };
/* End PBXBuildFile section */

/* Begin PBXFileReference section */
		3B830CBC261C2EEE009FA130 /* Seniorigami.app */ = {isa = PBXFileReference; explicitFileType = wrapper.application; includeInIndex = 0; path = Seniorigami.app; sourceTree = BUILT_PRODUCTS_DIR; };
		3B830CBF261C2EEE009FA130 /* AppDelegate.swift */ = {isa = PBXFileReference; lastKnownFileType = sourcecode.swift; path = AppDelegate.swift; sourceTree = "<group>"; };
		3B830CC1261C2EEE009FA130 /* SceneDelegate.swift */ = {isa = PBXFileReference; lastKnownFileType = sourcecode.swift; path = SceneDelegate.swift; sourceTree = "<group>"; };
		3B830CC3261C2EEE009FA130 /* ViewController.swift */ = {isa = PBXFileReference; lastKnownFileType = sourcecode.swift; path = ViewController.swift; sourceTree = "<group>"; };
		3B830CC6261C2EEE009FA130 /* Base */ = {isa = PBXFileReference; lastKnownFileType = file.storyboard; name = Base; path = Base.lproj/Main.storyboard; sourceTree = "<group>"; };
		3B830CC8261C2EEF009FA130 /* Assets.xcassets */ = {isa = PBXFileReference; lastKnownFileType = folder.assetcatalog; path = Assets.xcassets; sourceTree = "<group>"; };
		3B830CCB261C2EEF009FA130 /* Base */ = {isa = PBXFileReference; lastKnownFileType = file.storyboard; name = Base; path = Base.lproj/LaunchScreen.storyboard; sourceTree = "<group>"; };
		3B830CCD261C2EEF009FA130 /* Info.plist */ = {isa = PBXFileReference; lastKnownFileType = text.plist.xml; path = Info.plist; sourceTree = "<group>"; };
		3B830CD5261C31EE009FA130 /* PlayNow.storyboard */ = {isa = PBXFileReference; fileEncoding = 4; lastKnownFileType = file.storyboard; path = PlayNow.storyboard; sourceTree = "<group>"; };
		3B830CD9261C320C009FA130 /* Base */ = {isa = PBXFileReference; lastKnownFileType = file.storyboard; name = Base; path = Seniorigami/Base.lproj/Favourite.storyboard; sourceTree = "<group>"; };
		3B830CDD261C322E009FA130 /* Gallery.storyboard */ = {isa = PBXFileReference; fileEncoding = 4; lastKnownFileType = file.storyboard; path = Gallery.storyboard; sourceTree = "<group>"; };
		3B830CE0261C3294009FA130 /* GalleryViewController.swift */ = {isa = PBXFileReference; lastKnownFileType = sourcecode.swift; path = GalleryViewController.swift; sourceTree = "<group>"; };
		3B830CEC261C3534009FA130 /* PlayNowViewController.swift */ = {isa = PBXFileReference; lastKnownFileType = sourcecode.swift; path = PlayNowViewController.swift; sourceTree = "<group>"; };
		3B830CEF261C356A009FA130 /* FavouriteViewController.swift */ = {isa = PBXFileReference; lastKnownFileType = sourcecode.swift; path = FavouriteViewController.swift; sourceTree = "<group>"; };
		3B830CF8261C38EB009FA130 /* StepsViewController.swift */ = {isa = PBXFileReference; lastKnownFileType = sourcecode.swift; path = StepsViewController.swift; sourceTree = "<group>"; };
		3BC0DEF9261CA71500AF0630 /* Difficulty.storyboard */ = {isa = PBXFileReference; fileEncoding = 4; lastKnownFileType = file.storyboard; path = Difficulty.storyboard; sourceTree = "<group>"; };
		3BC0DEFF261CA83400AF0630 /* StepByStep.storyboard */ = {isa = PBXFileReference; fileEncoding = 4; lastKnownFileType = file.storyboard; path = StepByStep.storyboard; sourceTree = "<group>"; };
		3BC0DF04261CA91D00AF0630 /* Congratulations.storyboard */ = {isa = PBXFileReference; fileEncoding = 4; lastKnownFileType = file.storyboard; path = Congratulations.storyboard; sourceTree = "<group>"; };
		51E9031B2620074E0028F7A1 /* OrigamiSelect.swift */ = {isa = PBXFileReference; lastKnownFileType = sourcecode.swift; path = OrigamiSelect.swift; sourceTree = "<group>"; };
		51E903202620081E0028F7A1 /* OrigamiCollectionViewCell.swift */ = {isa = PBXFileReference; lastKnownFileType = sourcecode.swift; path = OrigamiCollectionViewCell.swift; sourceTree = "<group>"; };
		51E903212620081E0028F7A1 /* OrigamiCollectionViewCell.xib */ = {isa = PBXFileReference; lastKnownFileType = file.xib; path = OrigamiCollectionViewCell.xib; sourceTree = "<group>"; };
		78758CA1261EB922005BFC36 /* Database.swift */ = {isa = PBXFileReference; lastKnownFileType = sourcecode.swift; path = Database.swift; sourceTree = "<group>"; };
		78758CA5261EB92F005BFC36 /* Origami.swift */ = {isa = PBXFileReference; lastKnownFileType = sourcecode.swift; path = Origami.swift; sourceTree = "<group>"; };
		78758CA8261EB94F005BFC36 /* Favourite.swift */ = {isa = PBXFileReference; lastKnownFileType = sourcecode.swift; path = Favourite.swift; sourceTree = "<group>"; };
		78758CAB261EB95E005BFC36 /* Gallery.swift */ = {isa = PBXFileReference; lastKnownFileType = sourcecode.swift; path = Gallery.swift; sourceTree = "<group>"; };
		78758CAE261EB96A005BFC36 /* Log.swift */ = {isa = PBXFileReference; lastKnownFileType = sourcecode.swift; path = Log.swift; sourceTree = "<group>"; };
		78758CB1261EC4CD005BFC36 /* Instruction.swift */ = {isa = PBXFileReference; lastKnownFileType = sourcecode.swift; path = Instruction.swift; sourceTree = "<group>"; };
		78758CBC261EEF5C005BFC36 /* Mode.swift */ = {isa = PBXFileReference; lastKnownFileType = sourcecode.swift; path = Mode.swift; sourceTree = "<group>"; };
		78E1F5ED262737BE00196A02 /* FavouriteCollectionViewCell.swift */ = {isa = PBXFileReference; lastKnownFileType = sourcecode.swift; path = FavouriteCollectionViewCell.swift; sourceTree = "<group>"; };
		78E1F5EE262737BE00196A02 /* FavouriteCollectionViewCell.xib */ = {isa = PBXFileReference; lastKnownFileType = file.xib; path = FavouriteCollectionViewCell.xib; sourceTree = "<group>"; };
		9060BDF7261F607400AC8FBA /* ModeCell.swift */ = {isa = PBXFileReference; lastKnownFileType = sourcecode.swift; path = ModeCell.swift; sourceTree = "<group>"; };
		9060BDF8261F607400AC8FBA /* ModeCell.xib */ = {isa = PBXFileReference; lastKnownFileType = file.xib; path = ModeCell.xib; sourceTree = "<group>"; };
		9060BE02261F688800AC8FBA /* RecentCell.swift */ = {isa = PBXFileReference; lastKnownFileType = sourcecode.swift; path = RecentCell.swift; sourceTree = "<group>"; };
		9060BE03261F688800AC8FBA /* RecentCell.xib */ = {isa = PBXFileReference; lastKnownFileType = file.xib; path = RecentCell.xib; sourceTree = "<group>"; };
		9060BE07261F68BA00AC8FBA /* HeaderCell.swift */ = {isa = PBXFileReference; lastKnownFileType = sourcecode.swift; path = HeaderCell.swift; sourceTree = "<group>"; };
		9060BE08261F68BA00AC8FBA /* HeaderCell.xib */ = {isa = PBXFileReference; lastKnownFileType = file.xib; path = HeaderCell.xib; sourceTree = "<group>"; };
		9060BE0C261FBA2700AC8FBA /* PaddingLabel.swift */ = {isa = PBXFileReference; lastKnownFileType = sourcecode.swift; path = PaddingLabel.swift; sourceTree = "<group>"; };
		9092210C261FCB4D00514C57 /* OutlineLabel.swift */ = {isa = PBXFileReference; lastKnownFileType = sourcecode.swift; path = OutlineLabel.swift; sourceTree = "<group>"; };
		9092210F261FCF2000514C57 /* DifficultyController.swift */ = {isa = PBXFileReference; lastKnownFileType = sourcecode.swift; path = DifficultyController.swift; sourceTree = "<group>"; };
		90922115261FEAC000514C57 /* GenericCard.swift */ = {isa = PBXFileReference; lastKnownFileType = sourcecode.swift; path = GenericCard.swift; sourceTree = "<group>"; };
		90D336382621219D00222480 /* CardCellAnimation.swift */ = {isa = PBXFileReference; lastKnownFileType = sourcecode.swift; path = CardCellAnimation.swift; sourceTree = "<group>"; };
/* End PBXFileReference section */

/* Begin PBXFrameworksBuildPhase section */
		3B830CB9261C2EEE009FA130 /* Frameworks */ = {
			isa = PBXFrameworksBuildPhase;
			buildActionMask = 2147483647;
			files = (
			);
			runOnlyForDeploymentPostprocessing = 0;
		};
/* End PBXFrameworksBuildPhase section */

/* Begin PBXGroup section */
		3B830CB3261C2EEE009FA130 = {
			isa = PBXGroup;
			children = (
				3B830CBE261C2EEE009FA130 /* Seniorigami */,
				3B830CBD261C2EEE009FA130 /* Products */,
			);
			sourceTree = "<group>";
		};
		3B830CBD261C2EEE009FA130 /* Products */ = {
			isa = PBXGroup;
			children = (
				3B830CBC261C2EEE009FA130 /* Seniorigami.app */,
			);
			name = Products;
			sourceTree = "<group>";
		};
		3B830CBE261C2EEE009FA130 /* Seniorigami */ = {
			isa = PBXGroup;
			children = (
				78758CA0261EB910005BFC36 /* Models */,
				3BC0DF07261CA92800AF0630 /* Congratulations */,
				3BC0DF02261CA84200AF0630 /* Origami-Steps */,
				3BC0DEFC261CA72100AF0630 /* Selection */,
				3B830CF2261C35E8009FA130 /* Default */,
				3B830CE6261C34A0009FA130 /* Play Now */,
				3B830CE5261C3491009FA130 /* Favourite */,
				3B830CE4261C341E009FA130 /* Gallery */,
			);
			path = Seniorigami;
			sourceTree = "<group>";
		};
		3B830CE4261C341E009FA130 /* Gallery */ = {
			isa = PBXGroup;
			children = (
				3B830CE0261C3294009FA130 /* GalleryViewController.swift */,
				3B830CDD261C322E009FA130 /* Gallery.storyboard */,
			);
			path = Gallery;
			sourceTree = "<group>";
		};
		3B830CE5261C3491009FA130 /* Favourite */ = {
			isa = PBXGroup;
			children = (
				78E1F5EC2627379A00196A02 /* Cells */,
				3B830CD8261C320C009FA130 /* Favourite.storyboard */,
				3B830CEF261C356A009FA130 /* FavouriteViewController.swift */,
			);
			path = Favourite;
			sourceTree = "<group>";
		};
		3B830CE6261C34A0009FA130 /* Play Now */ = {
			isa = PBXGroup;
			children = (
				3B830CD5261C31EE009FA130 /* PlayNow.storyboard */,
				3B830CEC261C3534009FA130 /* PlayNowViewController.swift */,
				9060BDE9261F5BCB00AC8FBA /* Card Cells */,
			);
			path = "Play Now";
			sourceTree = "<group>";
		};
		3B830CF2261C35E8009FA130 /* Default */ = {
			isa = PBXGroup;
			children = (
				9060BE0F261FBA5D00AC8FBA /* Library */,
				3B830CBF261C2EEE009FA130 /* AppDelegate.swift */,
				3B830CC3261C2EEE009FA130 /* ViewController.swift */,
				3B830CC1261C2EEE009FA130 /* SceneDelegate.swift */,
				3B830CC5261C2EEE009FA130 /* Main.storyboard */,
				3B830CC8261C2EEF009FA130 /* Assets.xcassets */,
				3B830CCA261C2EEF009FA130 /* LaunchScreen.storyboard */,
				3B830CCD261C2EEF009FA130 /* Info.plist */,
			);
			path = Default;
			sourceTree = "<group>";
		};
		3BC0DEFC261CA72100AF0630 /* Selection */ = {
			isa = PBXGroup;
			children = (
				51E9031D262007A90028F7A1 /* Cells */,
				3BC0DEF9261CA71500AF0630 /* Difficulty.storyboard */,
				9092210F261FCF2000514C57 /* DifficultyController.swift */,
			);
			path = Selection;
			sourceTree = "<group>";
		};
		3BC0DF02261CA84200AF0630 /* Origami-Steps */ = {
			isa = PBXGroup;
			children = (
				3BC0DEFF261CA83400AF0630 /* StepByStep.storyboard */,
				3B830CF8261C38EB009FA130 /* StepsViewController.swift */,
			);
			path = "Origami-Steps";
			sourceTree = "<group>";
		};
		3BC0DF07261CA92800AF0630 /* Congratulations */ = {
			isa = PBXGroup;
			children = (
				3BC0DF04261CA91D00AF0630 /* Congratulations.storyboard */,
			);
			path = Congratulations;
			sourceTree = "<group>";
		};
		51E9031D262007A90028F7A1 /* Cells */ = {
			isa = PBXGroup;
			children = (
				51E903202620081E0028F7A1 /* OrigamiCollectionViewCell.swift */,
				51E903212620081E0028F7A1 /* OrigamiCollectionViewCell.xib */,
			);
			path = Cells;
			sourceTree = "<group>";
		};
		78758CA0261EB910005BFC36 /* Models */ = {
			isa = PBXGroup;
			children = (
				78758CA1261EB922005BFC36 /* Database.swift */,
				78758CA5261EB92F005BFC36 /* Origami.swift */,
				78758CA8261EB94F005BFC36 /* Favourite.swift */,
				78758CAB261EB95E005BFC36 /* Gallery.swift */,
				78758CAE261EB96A005BFC36 /* Log.swift */,
				78758CB1261EC4CD005BFC36 /* Instruction.swift */,
				78758CBC261EEF5C005BFC36 /* Mode.swift */,
				51E9031B2620074E0028F7A1 /* OrigamiSelect.swift */,
			);
			path = Models;
			sourceTree = "<group>";
		};
		78E1F5EC2627379A00196A02 /* Cells */ = {
			isa = PBXGroup;
			children = (
				78E1F5ED262737BE00196A02 /* FavouriteCollectionViewCell.swift */,
				78E1F5EE262737BE00196A02 /* FavouriteCollectionViewCell.xib */,
			);
			path = Cells;
			sourceTree = "<group>";
		};
		9060BDE9261F5BCB00AC8FBA /* Card Cells */ = {
			isa = PBXGroup;
			children = (
				9060BDF7261F607400AC8FBA /* ModeCell.swift */,
				9060BDF8261F607400AC8FBA /* ModeCell.xib */,
				9060BE02261F688800AC8FBA /* RecentCell.swift */,
				9060BE03261F688800AC8FBA /* RecentCell.xib */,
				9060BE07261F68BA00AC8FBA /* HeaderCell.swift */,
				9060BE08261F68BA00AC8FBA /* HeaderCell.xib */,
				90D336382621219D00222480 /* CardCellAnimation.swift */,
			);
			path = "Card Cells";
			sourceTree = "<group>";
		};
		9060BE0F261FBA5D00AC8FBA /* Library */ = {
			isa = PBXGroup;
			children = (
				9060BE0C261FBA2700AC8FBA /* PaddingLabel.swift */,
				9092210C261FCB4D00514C57 /* OutlineLabel.swift */,
				90922115261FEAC000514C57 /* GenericCard.swift */,
			);
			path = Library;
			sourceTree = "<group>";
		};
/* End PBXGroup section */

/* Begin PBXNativeTarget section */
		3B830CBB261C2EEE009FA130 /* Seniorigami */ = {
			isa = PBXNativeTarget;
			buildConfigurationList = 3B830CD0261C2EEF009FA130 /* Build configuration list for PBXNativeTarget "Seniorigami" */;
			buildPhases = (
				3B830CB8261C2EEE009FA130 /* Sources */,
				3B830CB9261C2EEE009FA130 /* Frameworks */,
				3B830CBA261C2EEE009FA130 /* Resources */,
			);
			buildRules = (
			);
			dependencies = (
			);
			name = Seniorigami;
			productName = Seniorigami;
			productReference = 3B830CBC261C2EEE009FA130 /* Seniorigami.app */;
			productType = "com.apple.product-type.application";
		};
/* End PBXNativeTarget section */

/* Begin PBXProject section */
		3B830CB4261C2EEE009FA130 /* Project object */ = {
			isa = PBXProject;
			attributes = {
				LastSwiftUpdateCheck = 1240;
				LastUpgradeCheck = 1240;
				TargetAttributes = {
					3B830CBB261C2EEE009FA130 = {
						CreatedOnToolsVersion = 12.4;
					};
				};
			};
			buildConfigurationList = 3B830CB7261C2EEE009FA130 /* Build configuration list for PBXProject "Seniorigami" */;
			compatibilityVersion = "Xcode 9.3";
			developmentRegion = en;
			hasScannedForEncodings = 0;
			knownRegions = (
				en,
				Base,
			);
			mainGroup = 3B830CB3261C2EEE009FA130;
			productRefGroup = 3B830CBD261C2EEE009FA130 /* Products */;
			projectDirPath = "";
			projectRoot = "";
			targets = (
				3B830CBB261C2EEE009FA130 /* Seniorigami */,
			);
		};
/* End PBXProject section */

/* Begin PBXResourcesBuildPhase section */
		3B830CBA261C2EEE009FA130 /* Resources */ = {
			isa = PBXResourcesBuildPhase;
			buildActionMask = 2147483647;
			files = (
				3B830CCC261C2EEF009FA130 /* LaunchScreen.storyboard in Resources */,
				3BC0DF05261CA91D00AF0630 /* Congratulations.storyboard in Resources */,
				3B830CDE261C322E009FA130 /* Gallery.storyboard in Resources */,
				3B830CC9261C2EEF009FA130 /* Assets.xcassets in Resources */,
				9060BE0A261F68BA00AC8FBA /* HeaderCell.xib in Resources */,
				3B830CC7261C2EEE009FA130 /* Main.storyboard in Resources */,
				3B830CDA261C320C009FA130 /* Favourite.storyboard in Resources */,
				78E1F5F0262737BE00196A02 /* FavouriteCollectionViewCell.xib in Resources */,
				3BC0DEFA261CA71500AF0630 /* Difficulty.storyboard in Resources */,
				3B830CD6261C31EE009FA130 /* PlayNow.storyboard in Resources */,
				9060BE05261F688800AC8FBA /* RecentCell.xib in Resources */,
				9060BDFA261F607400AC8FBA /* ModeCell.xib in Resources */,
				51E903232620081E0028F7A1 /* OrigamiCollectionViewCell.xib in Resources */,
				3BC0DF00261CA83400AF0630 /* StepByStep.storyboard in Resources */,
			);
			runOnlyForDeploymentPostprocessing = 0;
		};
/* End PBXResourcesBuildPhase section */

/* Begin PBXSourcesBuildPhase section */
		3B830CB8261C2EEE009FA130 /* Sources */ = {
			isa = PBXSourcesBuildPhase;
			buildActionMask = 2147483647;
			files = (
				90922116261FEAC000514C57 /* GenericCard.swift in Sources */,
				90922110261FCF2000514C57 /* DifficultyController.swift in Sources */,
				9060BDF9261F607400AC8FBA /* ModeCell.swift in Sources */,
				78758CA6261EB92F005BFC36 /* Origami.swift in Sources */,
				3B830CC4261C2EEE009FA130 /* ViewController.swift in Sources */,
				78758CAF261EB96A005BFC36 /* Log.swift in Sources */,
				3B830CE1261C3294009FA130 /* GalleryViewController.swift in Sources */,
				3B830CED261C3534009FA130 /* PlayNowViewController.swift in Sources */,
				90D336392621219D00222480 /* CardCellAnimation.swift in Sources */,
				9092210D261FCB4D00514C57 /* OutlineLabel.swift in Sources */,
				9060BE0D261FBA2700AC8FBA /* PaddingLabel.swift in Sources */,
				3B830CF9261C38EB009FA130 /* StepsViewController.swift in Sources */,
				78E1F5EF262737BE00196A02 /* FavouriteCollectionViewCell.swift in Sources */,
				78758CBD261EEF5C005BFC36 /* Mode.swift in Sources */,
				78758CAC261EB95E005BFC36 /* Gallery.swift in Sources */,
				78758CA9261EB94F005BFC36 /* Favourite.swift in Sources */,
				3B830CC0261C2EEE009FA130 /* AppDelegate.swift in Sources */,
				78758CB2261EC4CD005BFC36 /* Instruction.swift in Sources */,
				51E903222620081E0028F7A1 /* OrigamiCollectionViewCell.swift in Sources */,
				51E9031C2620074E0028F7A1 /* OrigamiSelect.swift in Sources */,
				9060BE04261F688800AC8FBA /* RecentCell.swift in Sources */,
				3B830CF0261C356A009FA130 /* FavouriteViewController.swift in Sources */,
				78758CA2261EB922005BFC36 /* Database.swift in Sources */,
				9060BE09261F68BA00AC8FBA /* HeaderCell.swift in Sources */,
				3B830CC2261C2EEE009FA130 /* SceneDelegate.swift in Sources */,
			);
			runOnlyForDeploymentPostprocessing = 0;
		};
/* End PBXSourcesBuildPhase section */

/* Begin PBXVariantGroup section */
		3B830CC5261C2EEE009FA130 /* Main.storyboard */ = {
			isa = PBXVariantGroup;
			children = (
				3B830CC6261C2EEE009FA130 /* Base */,
			);
			name = Main.storyboard;
			sourceTree = "<group>";
		};
		3B830CCA261C2EEF009FA130 /* LaunchScreen.storyboard */ = {
			isa = PBXVariantGroup;
			children = (
				3B830CCB261C2EEF009FA130 /* Base */,
			);
			name = LaunchScreen.storyboard;
			sourceTree = "<group>";
		};
		3B830CD8261C320C009FA130 /* Favourite.storyboard */ = {
			isa = PBXVariantGroup;
			children = (
				3B830CD9261C320C009FA130 /* Base */,
			);
			name = Favourite.storyboard;
			sourceTree = "<group>";
		};
/* End PBXVariantGroup section */

/* Begin XCBuildConfiguration section */
		3B830CCE261C2EEF009FA130 /* Debug */ = {
			isa = XCBuildConfiguration;
			buildSettings = {
				ALWAYS_SEARCH_USER_PATHS = NO;
				CLANG_ANALYZER_NONNULL = YES;
				CLANG_ANALYZER_NUMBER_OBJECT_CONVERSION = YES_AGGRESSIVE;
				CLANG_CXX_LANGUAGE_STANDARD = "gnu++14";
				CLANG_CXX_LIBRARY = "libc++";
				CLANG_ENABLE_MODULES = YES;
				CLANG_ENABLE_OBJC_ARC = YES;
				CLANG_ENABLE_OBJC_WEAK = YES;
				CLANG_WARN_BLOCK_CAPTURE_AUTORELEASING = YES;
				CLANG_WARN_BOOL_CONVERSION = YES;
				CLANG_WARN_COMMA = YES;
				CLANG_WARN_CONSTANT_CONVERSION = YES;
				CLANG_WARN_DEPRECATED_OBJC_IMPLEMENTATIONS = YES;
				CLANG_WARN_DIRECT_OBJC_ISA_USAGE = YES_ERROR;
				CLANG_WARN_DOCUMENTATION_COMMENTS = YES;
				CLANG_WARN_EMPTY_BODY = YES;
				CLANG_WARN_ENUM_CONVERSION = YES;
				CLANG_WARN_INFINITE_RECURSION = YES;
				CLANG_WARN_INT_CONVERSION = YES;
				CLANG_WARN_NON_LITERAL_NULL_CONVERSION = YES;
				CLANG_WARN_OBJC_IMPLICIT_RETAIN_SELF = YES;
				CLANG_WARN_OBJC_LITERAL_CONVERSION = YES;
				CLANG_WARN_OBJC_ROOT_CLASS = YES_ERROR;
				CLANG_WARN_QUOTED_INCLUDE_IN_FRAMEWORK_HEADER = YES;
				CLANG_WARN_RANGE_LOOP_ANALYSIS = YES;
				CLANG_WARN_STRICT_PROTOTYPES = YES;
				CLANG_WARN_SUSPICIOUS_MOVE = YES;
				CLANG_WARN_UNGUARDED_AVAILABILITY = YES_AGGRESSIVE;
				CLANG_WARN_UNREACHABLE_CODE = YES;
				CLANG_WARN__DUPLICATE_METHOD_MATCH = YES;
				COPY_PHASE_STRIP = NO;
				DEBUG_INFORMATION_FORMAT = dwarf;
				ENABLE_STRICT_OBJC_MSGSEND = YES;
				ENABLE_TESTABILITY = YES;
				GCC_C_LANGUAGE_STANDARD = gnu11;
				GCC_DYNAMIC_NO_PIC = NO;
				GCC_NO_COMMON_BLOCKS = YES;
				GCC_OPTIMIZATION_LEVEL = 0;
				GCC_PREPROCESSOR_DEFINITIONS = (
					"DEBUG=1",
					"$(inherited)",
				);
				GCC_WARN_64_TO_32_BIT_CONVERSION = YES;
				GCC_WARN_ABOUT_RETURN_TYPE = YES_ERROR;
				GCC_WARN_UNDECLARED_SELECTOR = YES;
				GCC_WARN_UNINITIALIZED_AUTOS = YES_AGGRESSIVE;
				GCC_WARN_UNUSED_FUNCTION = YES;
				GCC_WARN_UNUSED_VARIABLE = YES;
				IPHONEOS_DEPLOYMENT_TARGET = 14.4;
				MTL_ENABLE_DEBUG_INFO = INCLUDE_SOURCE;
				MTL_FAST_MATH = YES;
				ONLY_ACTIVE_ARCH = YES;
				SDKROOT = iphoneos;
				SWIFT_ACTIVE_COMPILATION_CONDITIONS = DEBUG;
				SWIFT_OPTIMIZATION_LEVEL = "-Onone";
			};
			name = Debug;
		};
		3B830CCF261C2EEF009FA130 /* Release */ = {
			isa = XCBuildConfiguration;
			buildSettings = {
				ALWAYS_SEARCH_USER_PATHS = NO;
				CLANG_ANALYZER_NONNULL = YES;
				CLANG_ANALYZER_NUMBER_OBJECT_CONVERSION = YES_AGGRESSIVE;
				CLANG_CXX_LANGUAGE_STANDARD = "gnu++14";
				CLANG_CXX_LIBRARY = "libc++";
				CLANG_ENABLE_MODULES = YES;
				CLANG_ENABLE_OBJC_ARC = YES;
				CLANG_ENABLE_OBJC_WEAK = YES;
				CLANG_WARN_BLOCK_CAPTURE_AUTORELEASING = YES;
				CLANG_WARN_BOOL_CONVERSION = YES;
				CLANG_WARN_COMMA = YES;
				CLANG_WARN_CONSTANT_CONVERSION = YES;
				CLANG_WARN_DEPRECATED_OBJC_IMPLEMENTATIONS = YES;
				CLANG_WARN_DIRECT_OBJC_ISA_USAGE = YES_ERROR;
				CLANG_WARN_DOCUMENTATION_COMMENTS = YES;
				CLANG_WARN_EMPTY_BODY = YES;
				CLANG_WARN_ENUM_CONVERSION = YES;
				CLANG_WARN_INFINITE_RECURSION = YES;
				CLANG_WARN_INT_CONVERSION = YES;
				CLANG_WARN_NON_LITERAL_NULL_CONVERSION = YES;
				CLANG_WARN_OBJC_IMPLICIT_RETAIN_SELF = YES;
				CLANG_WARN_OBJC_LITERAL_CONVERSION = YES;
				CLANG_WARN_OBJC_ROOT_CLASS = YES_ERROR;
				CLANG_WARN_QUOTED_INCLUDE_IN_FRAMEWORK_HEADER = YES;
				CLANG_WARN_RANGE_LOOP_ANALYSIS = YES;
				CLANG_WARN_STRICT_PROTOTYPES = YES;
				CLANG_WARN_SUSPICIOUS_MOVE = YES;
				CLANG_WARN_UNGUARDED_AVAILABILITY = YES_AGGRESSIVE;
				CLANG_WARN_UNREACHABLE_CODE = YES;
				CLANG_WARN__DUPLICATE_METHOD_MATCH = YES;
				COPY_PHASE_STRIP = NO;
				DEBUG_INFORMATION_FORMAT = "dwarf-with-dsym";
				ENABLE_NS_ASSERTIONS = NO;
				ENABLE_STRICT_OBJC_MSGSEND = YES;
				GCC_C_LANGUAGE_STANDARD = gnu11;
				GCC_NO_COMMON_BLOCKS = YES;
				GCC_WARN_64_TO_32_BIT_CONVERSION = YES;
				GCC_WARN_ABOUT_RETURN_TYPE = YES_ERROR;
				GCC_WARN_UNDECLARED_SELECTOR = YES;
				GCC_WARN_UNINITIALIZED_AUTOS = YES_AGGRESSIVE;
				GCC_WARN_UNUSED_FUNCTION = YES;
				GCC_WARN_UNUSED_VARIABLE = YES;
				IPHONEOS_DEPLOYMENT_TARGET = 14.4;
				MTL_ENABLE_DEBUG_INFO = NO;
				MTL_FAST_MATH = YES;
				SDKROOT = iphoneos;
				SWIFT_COMPILATION_MODE = wholemodule;
				SWIFT_OPTIMIZATION_LEVEL = "-O";
				VALIDATE_PRODUCT = YES;
			};
			name = Release;
		};
		3B830CD1261C2EEF009FA130 /* Debug */ = {
			isa = XCBuildConfiguration;
			buildSettings = {
				ASSETCATALOG_COMPILER_APPICON_NAME = AppIcon;
				ASSETCATALOG_COMPILER_GLOBAL_ACCENT_COLOR_NAME = AccentColor;
				CODE_SIGN_STYLE = Automatic;
				DEVELOPMENT_TEAM = J3RR7Q3QN2;
				INFOPLIST_FILE = Seniorigami/Default/Info.plist;
				LD_RUNPATH_SEARCH_PATHS = (
					"$(inherited)",
					"@executable_path/Frameworks",
				);
				PRODUCT_BUNDLE_IDENTIFIER = JavierFransiscus.Seniorigami;
				PRODUCT_NAME = "$(TARGET_NAME)";
				SWIFT_VERSION = 5.0;
				TARGETED_DEVICE_FAMILY = 1;
			};
			name = Debug;
		};
		3B830CD2261C2EEF009FA130 /* Release */ = {
			isa = XCBuildConfiguration;
			buildSettings = {
				ASSETCATALOG_COMPILER_APPICON_NAME = AppIcon;
				ASSETCATALOG_COMPILER_GLOBAL_ACCENT_COLOR_NAME = AccentColor;
				CODE_SIGN_STYLE = Automatic;
				DEVELOPMENT_TEAM = J3RR7Q3QN2;
				INFOPLIST_FILE = Seniorigami/Default/Info.plist;
				LD_RUNPATH_SEARCH_PATHS = (
					"$(inherited)",
					"@executable_path/Frameworks",
				);
				PRODUCT_BUNDLE_IDENTIFIER = JavierFransiscus.Seniorigami;
				PRODUCT_NAME = "$(TARGET_NAME)";
				SWIFT_VERSION = 5.0;
				TARGETED_DEVICE_FAMILY = 1;
			};
			name = Release;
		};
/* End XCBuildConfiguration section */

/* Begin XCConfigurationList section */
		3B830CB7261C2EEE009FA130 /* Build configuration list for PBXProject "Seniorigami" */ = {
			isa = XCConfigurationList;
			buildConfigurations = (
				3B830CCE261C2EEF009FA130 /* Debug */,
				3B830CCF261C2EEF009FA130 /* Release */,
			);
			defaultConfigurationIsVisible = 0;
			defaultConfigurationName = Release;
		};
		3B830CD0261C2EEF009FA130 /* Build configuration list for PBXNativeTarget "Seniorigami" */ = {
			isa = XCConfigurationList;
			buildConfigurations = (
				3B830CD1261C2EEF009FA130 /* Debug */,
				3B830CD2261C2EEF009FA130 /* Release */,
			);
			defaultConfigurationIsVisible = 0;
			defaultConfigurationName = Release;
		};
/* End XCConfigurationList section */
	};
	rootObject = 3B830CB4261C2EEE009FA130 /* Project object */;
}
